
Microsoft Visual Studio Solution File, Format Version 12.00
# Visual Studio Version 17
VisualStudioVersion = 17.9.34622.214
MinimumVisualStudioVersion = 10.0.40219.1
Project("{9A19103F-16F7-4668-BE54-9A1E7A4F7556}") = "22", "22.csproj", "{3C491C0C-63BA-40E4-8443-56FDF8C1B97E}"
EndProject
Project("{FAE04EC0-301F-11D3-BF4B-00C04F79EFBC}") = "33", "..\33\33.csproj", "{1D2941A5-30BB-4DA0-89AB-AEE0ED585555}"
EndProject
Project("{FAE04EC0-301F-11D3-BF4B-00C04F79EFBC}") = "44", "..\44\44.csproj", "{6AF9F973-99B6-4351-87A9-3D21E614CB3F}"
EndProject
Global
	GlobalSection(SolutionConfigurationPlatforms) = preSolution
		Debug|Any CPU = Debug|Any CPU
		Release|Any CPU = Release|Any CPU
	EndGlobalSection
	GlobalSection(ProjectConfigurationPlatforms) = postSolution
		{3C491C0C-63BA-40E4-8443-56FDF8C1B97E}.Debug|Any CPU.ActiveCfg = Debug|Any CPU
		{3C491C0C-63BA-40E4-8443-56FDF8C1B97E}.Debug|Any CPU.Build.0 = Debug|Any CPU
		{3C491C0C-63BA-40E4-8443-56FDF8C1B97E}.Release|Any CPU.ActiveCfg = Release|Any CPU
		{3C491C0C-63BA-40E4-8443-56FDF8C1B97E}.Release|Any CPU.Build.0 = Release|Any CPU
		{1D2941A5-30BB-4DA0-89AB-AEE0ED585555}.Debug|Any CPU.ActiveCfg = Debug|Any CPU
		{1D2941A5-30BB-4DA0-89AB-AEE0ED585555}.Debug|Any CPU.Build.0 = Debug|Any CPU
		{1D2941A5-30BB-4DA0-89AB-AEE0ED585555}.Release|Any CPU.ActiveCfg = Release|Any CPU
		{1D2941A5-30BB-4DA0-89AB-AEE0ED585555}.Release|Any CPU.Build.0 = Release|Any CPU
		{6AF9F973-99B6-4351-87A9-3D21E614CB3F}.Debug|Any CPU.ActiveCfg = Debug|Any CPU
		{6AF9F973-99B6-4351-87A9-3D21E614CB3F}.Debug|Any CPU.Build.0 = Debug|Any CPU
		{6AF9F973-99B6-4351-87A9-3D21E614CB3F}.Release|Any CPU.ActiveCfg = Release|Any CPU
		{6AF9F973-99B6-4351-87A9-3D21E614CB3F}.Release|Any CPU.Build.0 = Release|Any CPU
	EndGlobalSection
	GlobalSection(SolutionProperties) = preSolution
		HideSolutionNode = FALSE
	EndGlobalSection
	GlobalSection(ExtensibilityGlobals) = postSolution
		SolutionGuid = {0B60D4A8-8BAA-4323-9DF4-DC40969EB804}
	EndGlobalSection
EndGlobal
